<?xml version="1.0" encoding="utf-8"?>
<Project ToolsVersion="4.0" xmlns="http://schemas.microsoft.com/developer/msbuild/2003">
  <ItemGroup>
    <Filter Include="Source Files">
      <UniqueIdentifier>{4FC737F1-C7A5-4376-A066-2A32D752A2FF}</UniqueIdentifier>
      <Extensions>cpp;c;cc;cxx;def;odl;idl;hpj;bat;asm;asmx</Extensions>
    </Filter>
    <Filter Include="Header Files">
      <UniqueIdentifier>{93995380-89BD-4b04-88EB-625FBE52EBFB}</UniqueIdentifier>
      <Extensions>h;hh;hpp;hxx;hm;inl;inc;xsd</Extensions>
    </Filter>
    <Filter Include="Resource Files">
      <UniqueIdentifier>{D9D6E242-F8AF-46E4-B9FD-80ECBC20BA3E}</UniqueIdentifier>
      <Extensions>qrc;*</Extensions>
      <ParseFiles>false</ParseFiles>
    </Filter>
    <Filter Include="Form Files">
      <UniqueIdentifier>{99349809-55BA-4b9d-BF79-8FDBB0286EB3}</UniqueIdentifier>
      <Extensions>ui</Extensions>
    </Filter>
    <Filter Include="Resource Files">
      <UniqueIdentifier>{D9D6E242-F8AF-46E4-B9FD-80ECBC20BA3E}</UniqueIdentifier>
      <Extensions>qrc;*</Extensions>
      <ParseFiles>false</ParseFiles>
    </Filter>
    <Filter Include="Generated Files">
      <UniqueIdentifier>{71ED8ED8-ACB9-4CE9-BBE1-E00B30144E11}</UniqueIdentifier>
      <Extensions>moc;h;cpp</Extensions>
      <SourceControlFiles>False</SourceControlFiles>
    </Filter>
  </ItemGroup>
  <ItemGroup>
    <ClCompile Include="main.cpp">
      <Filter>Source Files</Filter>
    </ClCompile>
    <ClCompile Include="tileedit.cpp">
      <Filter>Source Files</Filter>
    </ClCompile>
    <ClCompile Include="ddsread.cpp">
      <Filter>Source Files</Filter>
    </ClCompile>
    <ClCompile Include="tile.cpp">
      <Filter>Source Files</Filter>
    </ClCompile>
    <ClCompile Include="tilecanvas.cpp">
      <Filter>Source Files</Filter>
    </ClCompile>
    <ClCompile Include="cmap.cpp">
      <Filter>Source Files</Filter>
    </ClCompile>
    <ClCompile Include="elevtile.cpp">
      <Filter>Source Files</Filter>
    </ClCompile>
    <ClCompile Include="elv_io.cpp">
      <Filter>Source Files</Filter>
    </ClCompile>
    <ClCompile Include="tileblock.cpp">
      <Filter>Source Files</Filter>
    </ClCompile>
    <ClCompile Include="colorbar.cpp">
      <Filter>Source Files</Filter>
    </ClCompile>
    <ClCompile Include="dlgelevconfig.cpp">
      <Filter>Source Files</Filter>
    </ClCompile>
    <ClCompile Include="ZTreeMgr.cpp">
      <Filter>Source Files</Filter>
    </ClCompile>
    <ClCompile Include="dlgconfig.cpp">
      <Filter>Source Files</Filter>
    </ClCompile>
    <ClCompile Include="dlgelevexport.cpp">
      <Filter>Source Files</Filter>
    </ClCompile>
    <ClCompile Include="dlgelevimport.cpp">
      <Filter>Source Files</Filter>
    </ClCompile>
  </ItemGroup>
  <ItemGroup>
    <QtMoc Include="tileedit.h">
      <Filter>Header Files</Filter>
    </QtMoc>
    <QtMoc Include="tilecanvas.h">
      <Filter>Header Files</Filter>
    </QtMoc>
    <QtMoc Include="colorbar.h">
      <Filter>Header Files</Filter>
    </QtMoc>
    <QtMoc Include="dlgelevconfig.h">
      <Filter>Header Files</Filter>
    </QtMoc>
    <QtMoc Include="dlgconfig.h">
      <Filter>Header Files</Filter>
    </QtMoc>
    <QtMoc Include="dlgelevexport.h">
      <Filter>Header Files</Filter>
    </QtMoc>
    <QtMoc Include="dlgelevimport.h">
      <Filter>Header Files</Filter>
    </QtMoc>
  </ItemGroup>
  <ItemGroup>
    <QtUic Include="tileedit.ui">
      <Filter>Form Files</Filter>
    </QtUic>
    <QtUic Include="dlgElevConfig.ui">
      <Filter>Form Files</Filter>
    </QtUic>
    <QtUic Include="dlgConfig.ui">
      <Filter>Form Files</Filter>
    </QtUic>
    <QtUic Include="dlgElevExport.ui">
      <Filter>Form Files</Filter>
    </QtUic>
    <QtUic Include="dlgElevImport.ui">
      <Filter>Form Files</Filter>
    </QtUic>
  </ItemGroup>
  <ItemGroup>
    <QtRcc Include="tileedit.qrc">
      <Filter>Resource Files</Filter>
    </QtRcc>
  </ItemGroup>
  <ItemGroup>
    <ClInclude Include="ddsread.h">
      <Filter>Header Files</Filter>
    </ClInclude>
    <ClInclude Include="tile.h">
      <Filter>Header Files</Filter>
    </ClInclude>
    <ClInclude Include="cmap.h">
      <Filter>Header Files</Filter>
    </ClInclude>
    <ClInclude Include="resource.h">
      <Filter>Header Files</Filter>
    </ClInclude>
    <ClInclude Include="elevtile.h">
      <Filter>Header Files</Filter>
    </ClInclude>
    <ClInclude Include="elv_io.h">
      <Filter>Header Files</Filter>
    </ClInclude>
    <ClInclude Include="tileblock.h">
      <Filter>Header Files</Filter>
    </ClInclude>
    <ClInclude Include="ZTreeMgr.h">
      <Filter>Header Files</Filter>
    </ClInclude>
  </ItemGroup>
  <ItemGroup>
    <Image Include="icon1.ico">
      <Filter>Resource Files</Filter>
    </Image>
  </ItemGroup>
  <ItemGroup>
    <ResourceCompile Include="tileedit.rc">
      <Filter>Resource Files</Filter>
    </ResourceCompile>
  </ItemGroup>
</Project>